
Microsoft Visual Studio Solution File, Format Version 12.00
# Visual Studio Version 16
VisualStudioVersion = 16.0.30611.23
MinimumVisualStudioVersion = 10.0.40219.1
Project("{FAE04EC0-301F-11D3-BF4B-00C04F79EFBC}") = "HairForceOne.DesktopClient", "HairForceOne.WinFormsDesktopClient\HairForceOne.DesktopClient.csproj", "{3961DDB8-709C-4779-8C78-D8108C4D3193}"
EndProject
Global
	GlobalSection(SolutionConfigurationPlatforms) = preSolution
		Debug|Any CPU = Debug|Any CPU
		Release|Any CPU = Release|Any CPU
	EndGlobalSection
	GlobalSection(ProjectConfigurationPlatforms) = postSolution
		{3961DDB8-709C-4779-8C78-D8108C4D3193}.Debug|Any CPU.ActiveCfg = Debug|Any CPU
		{3961DDB8-709C-4779-8C78-D8108C4D3193}.Debug|Any CPU.Build.0 = Debug|Any CPU
		{3961DDB8-709C-4779-8C78-D8108C4D3193}.Release|Any CPU.ActiveCfg = Release|Any CPU
		{3961DDB8-709C-4779-8C78-D8108C4D3193}.Release|Any CPU.Build.0 = Release|Any CPU
	EndGlobalSection
	GlobalSection(SolutionProperties) = preSolution
		HideSolutionNode = FALSE
	EndGlobalSection
	GlobalSection(ExtensibilityGlobals) = postSolution
		SolutionGuid = {644F97AC-7F1B-4E13-A0F6-94688597475F}
	EndGlobalSection
EndGlobal
